
Microsoft Visual Studio Solution File, Format Version 11.00
# Visual Studio 2010
Project("{FAE04EC0-301F-11D3-BF4B-00C04F79EFBC}") = "QueenSwann", "Assembly-CSharp.csproj", "{8834FFCF-084E-9475-FC12-B952B60A3C80}"
EndProject
Project("{FAE04EC0-301F-11D3-BF4B-00C04F79EFBC}") = "QueenSwann", "Assembly-CSharp-Editor.csproj", "{ABA06739-AEC4-4694-794C-A44F7251EDA6}"
EndProject
Global
	GlobalSection(SolutionConfigurationPlatforms) = preSolution
		Debug|Any CPU = Debug|Any CPU
		Release|Any CPU = Release|Any CPU
	EndGlobalSection
	GlobalSection(ProjectConfigurationPlatforms) = postSolution
		{8834FFCF-084E-9475-FC12-B952B60A3C80}.Debug|Any CPU.ActiveCfg = Debug|Any CPU
		{8834FFCF-084E-9475-FC12-B952B60A3C80}.Debug|Any CPU.Build.0 = Debug|Any CPU
		{8834FFCF-084E-9475-FC12-B952B60A3C80}.Release|Any CPU.ActiveCfg = Release|Any CPU
		{8834FFCF-084E-9475-FC12-B952B60A3C80}.Release|Any CPU.Build.0 = Release|Any CPU
		{ABA06739-AEC4-4694-794C-A44F7251EDA6}.Debug|Any CPU.ActiveCfg = Debug|Any CPU
		{ABA06739-AEC4-4694-794C-A44F7251EDA6}.Debug|Any CPU.Build.0 = Debug|Any CPU
		{ABA06739-AEC4-4694-794C-A44F7251EDA6}.Release|Any CPU.ActiveCfg = Release|Any CPU
		{ABA06739-AEC4-4694-794C-A44F7251EDA6}.Release|Any CPU.Build.0 = Release|Any CPU
	EndGlobalSection
	GlobalSection(SolutionProperties) = preSolution
		HideSolutionNode = FALSE
	EndGlobalSection
	GlobalSection(MonoDevelopProperties) = preSolution
		StartupItem = Assembly-CSharp.csproj
	EndGlobalSection
EndGlobal
